// !$*UTF8*$!
{
	archiveVersion = 1;
	classes = {
	};
	objectVersion = 46;
	objects = {

/* Begin PBXBuildFile section */
		63C2B9951C169288007740DB /* AppDelegate.swift in Sources */ = {isa = PBXBuildFile; fileRef = 63C2B9941C169288007740DB /* AppDelegate.swift */; };
		63C2B9971C169288007740DB /* ViewController.swift in Sources */ = {isa = PBXBuildFile; fileRef = 63C2B9961C169288007740DB /* ViewController.swift */; };
		63C2B99A1C169288007740DB /* Main.storyboard in Resources */ = {isa = PBXBuildFile; fileRef = 63C2B9981C169288007740DB /* Main.storyboard */; };
		63C2B99C1C169288007740DB /* Assets.xcassets in Resources */ = {isa = PBXBuildFile; fileRef = 63C2B99B1C169288007740DB /* Assets.xcassets */; };
		63C2B99F1C169288007740DB /* LaunchScreen.storyboard in Resources */ = {isa = PBXBuildFile; fileRef = 63C2B99D1C169288007740DB /* LaunchScreen.storyboard */; };
		63C2B9AA1C169288007740DB /* ScrollViewWorkoutTests.swift in Sources */ = {isa = PBXBuildFile; fileRef = 63C2B9A91C169288007740DB /* ScrollViewWorkoutTests.swift */; };
		63C2B9B51C169288007740DB /* ScrollViewWorkoutUITests.swift in Sources */ = {isa = PBXBuildFile; fileRef = 63C2B9B41C169288007740DB /* ScrollViewWorkoutUITests.swift */; };
/* End PBXBuildFile section */

/* Begin PBXContainerItemProxy section */
		63C2B9A61C169288007740DB /* PBXContainerItemProxy */ = {
			isa = PBXContainerItemProxy;
			containerPortal = 63C2B9891C169288007740DB /* Project object */;
			proxyType = 1;
			remoteGlobalIDString = 63C2B9901C169288007740DB;
			remoteInfo = ScrollViewWorkout;
		};
		63C2B9B11C169288007740DB /* PBXContainerItemProxy */ = {
			isa = PBXContainerItemProxy;
			containerPortal = 63C2B9891C169288007740DB /* Project object */;
			proxyType = 1;
			remoteGlobalIDString = 63C2B9901C169288007740DB;
			remoteInfo = ScrollViewWorkout;
		};
/* End PBXContainerItemProxy section */

/* Begin PBXFileReference section */
		63C2B9911C169288007740DB /* ScrollViewWorkout.app */ = {isa = PBXFileReference; explicitFileType = wrapper.application; includeInIndex = 0; path = ScrollViewWorkout.app; sourceTree = BUILT_PRODUCTS_DIR; };
		63C2B9941C169288007740DB /* AppDelegate.swift */ = {isa = PBXFileReference; lastKnownFileType = sourcecode.swift; path = AppDelegate.swift; sourceTree = "<group>"; };
		63C2B9961C169288007740DB /* ViewController.swift */ = {isa = PBXFileReference; lastKnownFileType = sourcecode.swift; path = ViewController.swift; sourceTree = "<group>"; };
		63C2B9991C169288007740DB /* Base */ = {isa = PBXFileReference; lastKnownFileType = file.storyboard; name = Base; path = Base.lproj/Main.storyboard; sourceTree = "<group>"; };
		63C2B99B1C169288007740DB /* Assets.xcassets */ = {isa = PBXFileReference; lastKnownFileType = folder.assetcatalog; path = Assets.xcassets; sourceTree = "<group>"; };
		63C2B99E1C169288007740DB /* Base */ = {isa = PBXFileReference; lastKnownFileType = file.storyboard; name = Base; path = Base.lproj/LaunchScreen.storyboard; sourceTree = "<group>"; };
		63C2B9A01C169288007740DB /* Info.plist */ = {isa = PBXFileReference; lastKnownFileType = text.plist.xml; path = Info.plist; sourceTree = "<group>"; };
		63C2B9A51C169288007740DB /* ScrollViewWorkoutTests.xctest */ = {isa = PBXFileReference; explicitFileType = wrapper.cfbundle; includeInIndex = 0; path = ScrollViewWorkoutTests.xctest; sourceTree = BUILT_PRODUCTS_DIR; };
		63C2B9A91C169288007740DB /* ScrollViewWorkoutTests.swift */ = {isa = PBXFileReference; lastKnownFileType = sourcecode.swift; path = ScrollViewWorkoutTests.swift; sourceTree = "<group>"; };
		63C2B9AB1C169288007740DB /* Info.plist */ = {isa = PBXFileReference; lastKnownFileType = text.plist.xml; path = Info.plist; sourceTree = "<group>"; };
		63C2B9B01C169288007740DB /* ScrollViewWorkoutUITests.xctest */ = {isa = PBXFileReference; explicitFileType = wrapper.cfbundle; includeInIndex = 0; path = ScrollViewWorkoutUITests.xctest; sourceTree = BUILT_PRODUCTS_DIR; };
		63C2B9B41C169288007740DB /* ScrollViewWorkoutUITests.swift */ = {isa = PBXFileReference; lastKnownFileType = sourcecode.swift; path = ScrollViewWorkoutUITests.swift; sourceTree = "<group>"; };
		63C2B9B61C169288007740DB /* Info.plist */ = {isa = PBXFileReference; lastKnownFileType = text.plist.xml; path = Info.plist; sourceTree = "<group>"; };
/* End PBXFileReference section */

/* Begin PBXFrameworksBuildPhase section */
		63C2B98E1C169288007740DB /* Frameworks */ = {
			isa = PBXFrameworksBuildPhase;
			buildActionMask = 2147483647;
			files = (
			);
			runOnlyForDeploymentPostprocessing = 0;
		};
		63C2B9A21C169288007740DB /* Frameworks */ = {
			isa = PBXFrameworksBuildPhase;
			buildActionMask = 2147483647;
			files = (
			);
			runOnlyForDeploymentPostprocessing = 0;
		};
		63C2B9AD1C169288007740DB /* Frameworks */ = {
			isa = PBXFrameworksBuildPhase;
			buildActionMask = 2147483647;
			files = (
			);
			runOnlyForDeploymentPostprocessing = 0;
		};
/* End PBXFrameworksBuildPhase section */

/* Begin PBXGroup section */
		63C2B9881C169288007740DB = {
			isa = PBXGroup;
			children = (
				63C2B9931C169288007740DB /* ScrollViewWorkout */,
				63C2B9A81C169288007740DB /* ScrollViewWorkoutTests */,
				63C2B9B31C169288007740DB /* ScrollViewWorkoutUITests */,
				63C2B9921C169288007740DB /* Products */,
			);
			sourceTree = "<group>";
		};
		63C2B9921C169288007740DB /* Products */ = {
			isa = PBXGroup;
			children = (
				63C2B9911C169288007740DB /* ScrollViewWorkout.app */,
				63C2B9A51C169288007740DB /* ScrollViewWorkoutTests.xctest */,
				63C2B9B01C169288007740DB /* ScrollViewWorkoutUITests.xctest */,
			);
			name = Products;
			sourceTree = "<group>";
		};
		63C2B9931C169288007740DB /* ScrollViewWorkout */ = {
			isa = PBXGroup;
			children = (
				63C2B9941C169288007740DB /* AppDelegate.swift */,
				63C2B9961C169288007740DB /* ViewController.swift */,
				63C2B9981C169288007740DB /* Main.storyboard */,
				63C2B99B1C169288007740DB /* Assets.xcassets */,
				63C2B99D1C169288007740DB /* LaunchScreen.storyboard */,
				63C2B9A01C169288007740DB /* Info.plist */,
			);
			path = ScrollViewWorkout;
			sourceTree = "<group>";
		};
		63C2B9A81C169288007740DB /* ScrollViewWorkoutTests */ = {
			isa = PBXGroup;
			children = (
				63C2B9A91C169288007740DB /* ScrollViewWorkoutTests.swift */,
				63C2B9AB1C169288007740DB /* Info.plist */,
			);
			path = ScrollViewWorkoutTests;
			sourceTree = "<group>";
		};
		63C2B9B31C169288007740DB /* ScrollViewWorkoutUITests */ = {
			isa = PBXGroup;
			children = (
				63C2B9B41C169288007740DB /* ScrollViewWorkoutUITests.swift */,
				63C2B9B61C169288007740DB /* Info.plist */,
			);
			path = ScrollViewWorkoutUITests;
			sourceTree = "<group>";
		};
/* End PBXGroup section */

/* Begin PBXNativeTarget section */
		63C2B9901C169288007740DB /* ScrollViewWorkout */ = {
			isa = PBXNativeTarget;
			buildConfigurationList = 63C2B9B91C169288007740DB /* Build configuration list for PBXNativeTarget "ScrollViewWorkout" */;
			buildPhases = (
				63C2B98D1C169288007740DB /* Sources */,
				63C2B98E1C169288007740DB /* Frameworks */,
				63C2B98F1C169288007740DB /* Resources */,
			);
			buildRules = (
			);
			dependencies = (
			);
			name = ScrollViewWorkout;
			productName = ScrollViewWorkout;
			productReference = 63C2B9911C169288007740DB /* ScrollViewWorkout.app */;
			productType = "com.apple.product-type.application";
		};
		63C2B9A41C169288007740DB /* ScrollViewWorkoutTests */ = {
			isa = PBXNativeTarget;
			buildConfigurationList = 63C2B9BC1C169288007740DB /* Build configuration list for PBXNativeTarget "ScrollViewWorkoutTests" */;
			buildPhases = (
				63C2B9A11C169288007740DB /* Sources */,
				63C2B9A21C169288007740DB /* Frameworks */,
				63C2B9A31C169288007740DB /* Resources */,
			);
			buildRules = (
			);
			dependencies = (
				63C2B9A71C169288007740DB /* PBXTargetDependency */,
			);
			name = ScrollViewWorkoutTests;
			productName = ScrollViewWorkoutTests;
			productReference = 63C2B9A51C169288007740DB /* ScrollViewWorkoutTests.xctest */;
			productType = "com.apple.product-type.bundle.unit-test";
		};
		63C2B9AF1C169288007740DB /* ScrollViewWorkoutUITests */ = {
			isa = PBXNativeTarget;
			buildConfigurationList = 63C2B9BF1C169288007740DB /* Build configuration list for PBXNativeTarget "ScrollViewWorkoutUITests" */;
			buildPhases = (
				63C2B9AC1C169288007740DB /* Sources */,
				63C2B9AD1C169288007740DB /* Frameworks */,
				63C2B9AE1C169288007740DB /* Resources */,
			);
			buildRules = (
			);
			dependencies = (
				63C2B9B21C169288007740DB /* PBXTargetDependency */,
			);
			name = ScrollViewWorkoutUITests;
			productName = ScrollViewWorkoutUITests;
			productReference = 63C2B9B01C169288007740DB /* ScrollViewWorkoutUITests.xctest */;
			productType = "com.apple.product-type.bundle.ui-testing";
		};
/* End PBXNativeTarget section */

/* Begin PBXProject section */
		63C2B9891C169288007740DB /* Project object */ = {
			isa = PBXProject;
			attributes = {
				LastSwiftUpdateCheck = 0710;
				LastUpgradeCheck = 0710;
				ORGANIZATIONNAME = David;
				TargetAttributes = {
					63C2B9901C169288007740DB = {
						CreatedOnToolsVersion = 7.1.1;
					};
					63C2B9A41C169288007740DB = {
						CreatedOnToolsVersion = 7.1.1;
						TestTargetID = 63C2B9901C169288007740DB;
					};
					63C2B9AF1C169288007740DB = {
						CreatedOnToolsVersion = 7.1.1;
						TestTargetID = 63C2B9901C169288007740DB;
					};
				};
			};
			buildConfigurationList = 63C2B98C1C169288007740DB /* Build configuration list for PBXProject "ScrollViewWorkout" */;
			compatibilityVersion = "Xcode 3.2";
			developmentRegion = English;
			hasScannedForEncodings = 0;
			knownRegions = (
				en,
				Base,
			);
			mainGroup = 63C2B9881C169288007740DB;
			productRefGroup = 63C2B9921C169288007740DB /* Products */;
			projectDirPath = "";
			projectRoot = "";
			targets = (
				63C2B9901C169288007740DB /* ScrollViewWorkout */,
				63C2B9A41C169288007740DB /* ScrollViewWorkoutTests */,
				63C2B9AF1C169288007740DB /* ScrollViewWorkoutUITests */,
			);
		};
/* End PBXProject section */

/* Begin PBXResourcesBuildPhase section */
		63C2B98F1C169288007740DB /* Resources */ = {
			isa = PBXResourcesBuildPhase;
			buildActionMask = 2147483647;
			files = (
				63C2B99F1C169288007740DB /* LaunchScreen.storyboard in Resources */,
				63C2B99C1C169288007740DB /* Assets.xcassets in Resources */,
				63C2B99A1C169288007740DB /* Main.storyboard in Resources */,
			);
			runOnlyForDeploymentPostprocessing = 0;
		};
		63C2B9A31C169288007740DB /* Resources */ = {
			isa = PBXResourcesBuildPhase;
			buildActionMask = 2147483647;
			files = (
			);
			runOnlyForDeploymentPostprocessing = 0;
		};
		63C2B9AE1C169288007740DB /* Resources */ = {
			isa = PBXResourcesBuildPhase;
			buildActionMask = 2147483647;
			files = (
			);
			runOnlyForDeploymentPostprocessing = 0;
		};
/* End PBXResourcesBuildPhase section */

/* Begin PBXSourcesBuildPhase section */
		63C2B98D1C169288007740DB /* Sources */ = {
			isa = PBXSourcesBuildPhase;
			buildActionMask = 2147483647;
			files = (
				63C2B9971C169288007740DB /* ViewController.swift in Sources */,
				63C2B9951C169288007740DB /* AppDelegate.swift in Sources */,
			);
			runOnlyForDeploymentPostprocessing = 0;
		};
		63C2B9A11C169288007740DB /* Sources */ = {
			isa = PBXSourcesBuildPhase;
			buildActionMask = 2147483647;
			files = (
				63C2B9AA1C169288007740DB /* ScrollViewWorkoutTests.swift in Sources */,
			);
			runOnlyForDeploymentPostprocessing = 0;
		};
		63C2B9AC1C169288007740DB /* Sources */ = {
			isa = PBXSourcesBuildPhase;
			buildActionMask = 2147483647;
			files = (
				63C2B9B51C169288007740DB /* ScrollViewWorkoutUITests.swift in Sources */,
			);
			runOnlyForDeploymentPostprocessing = 0;
		};
/* End PBXSourcesBuildPhase section */

/* Begin PBXTargetDependency section */
		63C2B9A71C169288007740DB /* PBXTargetDependency */ = {
			isa = PBXTargetDependency;
			target = 63C2B9901C169288007740DB /* ScrollViewWorkout */;
			targetProxy = 63C2B9A61C169288007740DB /* PBXContainerItemProxy */;
		};
		63C2B9B21C169288007740DB /* PBXTargetDependency */ = {
			isa = PBXTargetDependency;
			target = 63C2B9901C169288007740DB /* ScrollViewWorkout */;
			targetProxy = 63C2B9B11C169288007740DB /* PBXContainerItemProxy */;
		};
/* End PBXTargetDependency section */

/* Begin PBXVariantGroup section */
		63C2B9981C169288007740DB /* Main.storyboard */ = {
			isa = PBXVariantGroup;
			children = (
				63C2B9991C169288007740DB /* Base */,
			);
			name = Main.storyboard;
			sourceTree = "<group>";
		};
		63C2B99D1C169288007740DB /* LaunchScreen.storyboard */ = {
			isa = PBXVariantGroup;
			children = (
				63C2B99E1C169288007740DB /* Base */,
			);
			name = LaunchScreen.storyboard;
			sourceTree = "<group>";
		};
/* End PBXVariantGroup section */

/* Begin XCBuildConfiguration section */
		63C2B9B71C169288007740DB /* Debug */ = {
			isa = XCBuildConfiguration;
			buildSettings = {
				ALWAYS_SEARCH_USER_PATHS = NO;
				CLANG_CXX_LANGUAGE_STANDARD = "gnu++0x";
				CLANG_CXX_LIBRARY = "libc++";
				CLANG_ENABLE_MODULES = YES;
				CLANG_ENABLE_OBJC_ARC = YES;
				CLANG_WARN_BOOL_CONVERSION = YES;
				CLANG_WARN_CONSTANT_CONVERSION = YES;
				CLANG_WARN_DIRECT_OBJC_ISA_USAGE = YES_ERROR;
				CLANG_WARN_EMPTY_BODY = YES;
				CLANG_WARN_ENUM_CONVERSION = YES;
				CLANG_WARN_INT_CONVERSION = YES;
				CLANG_WARN_OBJC_ROOT_CLASS = YES_ERROR;
				CLANG_WARN_UNREACHABLE_CODE = YES;
				CLANG_WARN__DUPLICATE_METHOD_MATCH = YES;
				"CODE_SIGN_IDENTITY[sdk=iphoneos*]" = "iPhone Developer";
				COPY_PHASE_STRIP = NO;
				DEBUG_INFORMATION_FORMAT = dwarf;
				ENABLE_STRICT_OBJC_MSGSEND = YES;
				ENABLE_TESTABILITY = YES;
				GCC_C_LANGUAGE_STANDARD = gnu99;
				GCC_DYNAMIC_NO_PIC = NO;
				GCC_NO_COMMON_BLOCKS = YES;
				GCC_OPTIMIZATION_LEVEL = 0;
				GCC_PREPROCESSOR_DEFINITIONS = (
					"DEBUG=1",
					"$(inherited)",
				);
				GCC_WARN_64_TO_32_BIT_CONVERSION = YES;
				GCC_WARN_ABOUT_RETURN_TYPE = YES_ERROR;
				GCC_WARN_UNDECLARED_SELECTOR = YES;
				GCC_WARN_UNINITIALIZED_AUTOS = YES_AGGRESSIVE;
				GCC_WARN_UNUSED_FUNCTION = YES;
				GCC_WARN_UNUSED_VARIABLE = YES;
				IPHONEOS_DEPLOYMENT_TARGET = 9.1;
				MTL_ENABLE_DEBUG_INFO = YES;
				ONLY_ACTIVE_ARCH = YES;
				SDKROOT = iphoneos;
				SWIFT_OPTIMIZATION_LEVEL = "-Onone";
			};
			name = Debug;
		};
		63C2B9B81C169288007740DB /* Release */ = {
			isa = XCBuildConfiguration;
			buildSettings = {
				ALWAYS_SEARCH_USER_PATHS = NO;
				CLANG_CXX_LANGUAGE_STANDARD = "gnu++0x";
				CLANG_CXX_LIBRARY = "libc++";
				CLANG_ENABLE_MODULES = YES;
				CLANG_ENABLE_OBJC_ARC = YES;
				CLANG_WARN_BOOL_CONVERSION = YES;
				CLANG_WARN_CONSTANT_CONVERSION = YES;
				CLANG_WARN_DIRECT_OBJC_ISA_USAGE = YES_ERROR;
				CLANG_WARN_EMPTY_BODY = YES;
				CLANG_WARN_ENUM_CONVERSION = YES;
				CLANG_WARN_INT_CONVERSION = YES;
				CLANG_WARN_OBJC_ROOT_CLASS = YES_ERROR;
				CLANG_WARN_UNREACHABLE_CODE = YES;
				CLANG_WARN__DUPLICATE_METHOD_MATCH = YES;
				"CODE_SIGN_IDENTITY[sdk=iphoneos*]" = "iPhone Developer";
				COPY_PHASE_STRIP = NO;
				DEBUG_INFORMATION_FORMAT = "dwarf-with-dsym";
				ENABLE_NS_ASSERTIONS = NO;
				ENABLE_STRICT_OBJC_MSGSEND = YES;
				GCC_C_LANGUAGE_STANDARD = gnu99;
				GCC_NO_COMMON_BLOCKS = YES;
				GCC_WARN_64_TO_32_BIT_CONVERSION = YES;
				GCC_WARN_ABOUT_RETURN_TYPE = YES_ERROR;
				GCC_WARN_UNDECLARED_SELECTOR = YES;
				GCC_WARN_UNINITIALIZED_AUTOS = YES_AGGRESSIVE;
				GCC_WARN_UNUSED_FUNCTION = YES;
				GCC_WARN_UNUSED_VARIABLE = YES;
				IPHONEOS_DEPLOYMENT_TARGET = 9.1;
				MTL_ENABLE_DEBUG_INFO = NO;
				SDKROOT = iphoneos;
				VALIDATE_PRODUCT = YES;
			};
			name = Release;
		};
		63C2B9BA1C169288007740DB /* Debug */ = {
			isa = XCBuildConfiguration;
			buildSettings = {
				ASSETCATALOG_COMPILER_APPICON_NAME = AppIcon;
				INFOPLIST_FILE = ScrollViewWorkout/Info.plist;
				LD_RUNPATH_SEARCH_PATHS = "$(inherited) @executable_path/Frameworks";
				PRODUCT_BUNDLE_IDENTIFIER = misk.ScrollViewWorkout;
				PRODUCT_NAME = "$(TARGET_NAME)";
			};
			name = Debug;
		};
		63C2B9BB1C169288007740DB /* Release */ = {
			isa = XCBuildConfiguration;
			buildSettings = {
				ASSETCATALOG_COMPILER_APPICON_NAME = AppIcon;
				INFOPLIST_FILE = ScrollViewWorkout/Info.plist;
				LD_RUNPATH_SEARCH_PATHS = "$(inherited) @executable_path/Frameworks";
				PRODUCT_BUNDLE_IDENTIFIER = misk.ScrollViewWorkout;
				PRODUCT_NAME = "$(TARGET_NAME)";
			};
			name = Release;
		};
		63C2B9BD1C169288007740DB /* Debug */ = {
			isa = XCBuildConfiguration;
			buildSettings = {
				BUNDLE_LOADER = "$(TEST_HOST)";
				INFOPLIST_FILE = ScrollViewWorkoutTests/Info.plist;
				LD_RUNPATH_SEARCH_PATHS = "$(inherited) @executable_path/Frameworks @loader_path/Frameworks";
				PRODUCT_BUNDLE_IDENTIFIER = misk.ScrollViewWorkoutTests;
				PRODUCT_NAME = "$(TARGET_NAME)";
				TEST_HOST = "$(BUILT_PRODUCTS_DIR)/ScrollViewWorkout.app/ScrollViewWorkout";
			};
			name = Debug;
		};
		63C2B9BE1C169288007740DB /* Release */ = {
			isa = XCBuildConfiguration;
			buildSettings = {
				BUNDLE_LOADER = "$(TEST_HOST)";
				INFOPLIST_FILE = ScrollViewWorkoutTests/Info.plist;
				LD_RUNPATH_SEARCH_PATHS = "$(inherited) @executable_path/Frameworks @loader_path/Frameworks";
				PRODUCT_BUNDLE_IDENTIFIER = misk.ScrollViewWorkoutTests;
				PRODUCT_NAME = "$(TARGET_NAME)";
				TEST_HOST = "$(BUILT_PRODUCTS_DIR)/ScrollViewWorkout.app/ScrollViewWorkout";
			};
			name = Release;
		};
		63C2B9C01C169288007740DB /* Debug */ = {
			isa = XCBuildConfiguration;
			buildSettings = {
				INFOPLIST_FILE = ScrollViewWorkoutUITests/Info.plist;
				LD_RUNPATH_SEARCH_PATHS = "$(inherited) @executable_path/Frameworks @loader_path/Frameworks";
				PRODUCT_BUNDLE_IDENTIFIER = misk.ScrollViewWorkoutUITests;
				PRODUCT_NAME = "$(TARGET_NAME)";
				TEST_TARGET_NAME = ScrollViewWorkout;
				USES_XCTRUNNER = YES;
			};
			name = Debug;
		};
		63C2B9C11C169288007740DB /* Release */ = {
			isa = XCBuildConfiguration;
			buildSettings = {
				INFOPLIST_FILE = ScrollViewWorkoutUITests/Info.plist;
				LD_RUNPATH_SEARCH_PATHS = "$(inherited) @executable_path/Frameworks @loader_path/Frameworks";
				PRODUCT_BUNDLE_IDENTIFIER = misk.ScrollViewWorkoutUITests;
				PRODUCT_NAME = "$(TARGET_NAME)";
				TEST_TARGET_NAME = ScrollViewWorkout;
				USES_XCTRUNNER = YES;
			};
			name = Release;
		};
/* End XCBuildConfiguration section */

/* Begin XCConfigurationList section */
		63C2B98C1C169288007740DB /* Build configuration list for PBXProject "ScrollViewWorkout" */ = {
			isa = XCConfigurationList;
			buildConfigurations = (
				63C2B9B71C169288007740DB /* Debug */,
				63C2B9B81C169288007740DB /* Release */,
			);
			defaultConfigurationIsVisible = 0;
			defaultConfigurationName = Release;
		};
		63C2B9B91C169288007740DB /* Build configuration list for PBXNativeTarget "ScrollViewWorkout" */ = {
			isa = XCConfigurationList;
			buildConfigurations = (
				63C2B9BA1C169288007740DB /* Debug */,
				63C2B9BB1C169288007740DB /* Release */,
			);
			defaultConfigurationIsVisible = 0;
		};
		63C2B9BC1C169288007740DB /* Build configuration list for PBXNativeTarget "ScrollViewWorkoutTests" */ = {
			isa = XCConfigurationList;
			buildConfigurations = (
				63C2B9BD1C169288007740DB /* Debug */,
				63C2B9BE1C169288007740DB /* Release */,
			);
			defaultConfigurationIsVisible = 0;
		};
		63C2B9BF1C169288007740DB /* Build configuration list for PBXNativeTarget "ScrollViewWorkoutUITests" */ = {
			isa = XCConfigurationList;
			buildConfigurations = (
				63C2B9C01C169288007740DB /* Debug */,
				63C2B9C11C169288007740DB /* Release */,
			);
			defaultConfigurationIsVisible = 0;
		};
/* End XCConfigurationList section */
	};
	rootObject = 63C2B9891C169288007740DB /* Project object */;
}
